
Microsoft Visual Studio Solution File, Format Version 12.00
# Visual Studio Version 17
VisualStudioVersion = 17.8.34330.188
MinimumVisualStudioVersion = 10.0.40219.1
Project("{9A19103F-16F7-4668-BE54-9A1E7A4F7556}") = "PacketSniffer", "PacketSniffer\PacketSniffer.csproj", "{3F266B20-3837-4681-BA3F-19EAF853B93F}"
EndProject
Project("{FAE04EC0-301F-11D3-BF4B-00C04F79EFBC}") = "PacketSnifferTests", "PacketSnifferTests\PacketSnifferTests.csproj", "{BA86F195-5D7F-437B-886D-4257625A56B1}"
EndProject
Project("{9A19103F-16F7-4668-BE54-9A1E7A4F7556}") = "WebSpectre.Shared", "..\WebSpectre\WebSpectre.Shared\WebSpectre.Shared.csproj", "{6D6FA9AE-65EA-4B30-A3B6-4BE374D9C786}"
EndProject
Global
	GlobalSection(SolutionConfigurationPlatforms) = preSolution
		Debug|Any CPU = Debug|Any CPU
		Release|Any CPU = Release|Any CPU
	EndGlobalSection
	GlobalSection(ProjectConfigurationPlatforms) = postSolution
		{3F266B20-3837-4681-BA3F-19EAF853B93F}.Debug|Any CPU.ActiveCfg = Debug|Any CPU
		{3F266B20-3837-4681-BA3F-19EAF853B93F}.Debug|Any CPU.Build.0 = Debug|Any CPU
		{3F266B20-3837-4681-BA3F-19EAF853B93F}.Release|Any CPU.ActiveCfg = Release|Any CPU
		{3F266B20-3837-4681-BA3F-19EAF853B93F}.Release|Any CPU.Build.0 = Release|Any CPU
		{BA86F195-5D7F-437B-886D-4257625A56B1}.Debug|Any CPU.ActiveCfg = Debug|Any CPU
		{BA86F195-5D7F-437B-886D-4257625A56B1}.Debug|Any CPU.Build.0 = Debug|Any CPU
		{BA86F195-5D7F-437B-886D-4257625A56B1}.Release|Any CPU.ActiveCfg = Release|Any CPU
		{BA86F195-5D7F-437B-886D-4257625A56B1}.Release|Any CPU.Build.0 = Release|Any CPU
		{6D6FA9AE-65EA-4B30-A3B6-4BE374D9C786}.Debug|Any CPU.ActiveCfg = Debug|Any CPU
		{6D6FA9AE-65EA-4B30-A3B6-4BE374D9C786}.Debug|Any CPU.Build.0 = Debug|Any CPU
		{6D6FA9AE-65EA-4B30-A3B6-4BE374D9C786}.Release|Any CPU.ActiveCfg = Release|Any CPU
		{6D6FA9AE-65EA-4B30-A3B6-4BE374D9C786}.Release|Any CPU.Build.0 = Release|Any CPU
	EndGlobalSection
	GlobalSection(SolutionProperties) = preSolution
		HideSolutionNode = FALSE
	EndGlobalSection
	GlobalSection(ExtensibilityGlobals) = postSolution
		SolutionGuid = {ABEDCD09-1C69-47AD-8407-5F13AB211CCC}
	EndGlobalSection
EndGlobal
